// !$*UTF8*$!
{
	archiveVersion = 1;
	classes = {
	};
	objectVersion = 50;
	objects = {

/* Begin PBXBuildFile section */
		EB0D89BA2083C71700C8FB40 /* AppDelegate.swift in Sources */ = {isa = PBXBuildFile; fileRef = EB0D89B92083C71700C8FB40 /* AppDelegate.swift */; };
		EB0D89BC2083C71700C8FB40 /* art.scnassets in Resources */ = {isa = PBXBuildFile; fileRef = EB0D89BB2083C71700C8FB40 /* art.scnassets */; };
		EB0D89BE2083C71700C8FB40 /* ViewController.swift in Sources */ = {isa = PBXBuildFile; fileRef = EB0D89BD2083C71700C8FB40 /* ViewController.swift */; };
		EB0D89C12083C71700C8FB40 /* Main.storyboard in Resources */ = {isa = PBXBuildFile; fileRef = EB0D89BF2083C71700C8FB40 /* Main.storyboard */; };
		EB0D89C32083C71800C8FB40 /* Assets.xcassets in Resources */ = {isa = PBXBuildFile; fileRef = EB0D89C22083C71800C8FB40 /* Assets.xcassets */; };
		EB0D89C62083C71800C8FB40 /* LaunchScreen.storyboard in Resources */ = {isa = PBXBuildFile; fileRef = EB0D89C42083C71800C8FB40 /* LaunchScreen.storyboard */; };
		EB0D89D12083C71900C8FB40 /* Travel_ArchitectureTests.swift in Sources */ = {isa = PBXBuildFile; fileRef = EB0D89D02083C71900C8FB40 /* Travel_ArchitectureTests.swift */; };
		EB0D89DC2083C71900C8FB40 /* Travel_ArchitectureUITests.swift in Sources */ = {isa = PBXBuildFile; fileRef = EB0D89DB2083C71900C8FB40 /* Travel_ArchitectureUITests.swift */; };
/* End PBXBuildFile section */

/* Begin PBXContainerItemProxy section */
		EB0D89CD2083C71900C8FB40 /* PBXContainerItemProxy */ = {
			isa = PBXContainerItemProxy;
			containerPortal = EB0D89AE2083C71700C8FB40 /* Project object */;
			proxyType = 1;
			remoteGlobalIDString = EB0D89B52083C71700C8FB40;
			remoteInfo = "Travel Architecture";
		};
		EB0D89D82083C71900C8FB40 /* PBXContainerItemProxy */ = {
			isa = PBXContainerItemProxy;
			containerPortal = EB0D89AE2083C71700C8FB40 /* Project object */;
			proxyType = 1;
			remoteGlobalIDString = EB0D89B52083C71700C8FB40;
			remoteInfo = "Travel Architecture";
		};
/* End PBXContainerItemProxy section */

/* Begin PBXFileReference section */
		EB0D89B62083C71700C8FB40 /* Travel Architecture.app */ = {isa = PBXFileReference; explicitFileType = wrapper.application; includeInIndex = 0; path = "Travel Architecture.app"; sourceTree = BUILT_PRODUCTS_DIR; };
		EB0D89B92083C71700C8FB40 /* AppDelegate.swift */ = {isa = PBXFileReference; lastKnownFileType = sourcecode.swift; path = AppDelegate.swift; sourceTree = "<group>"; };
		EB0D89BB2083C71700C8FB40 /* art.scnassets */ = {isa = PBXFileReference; lastKnownFileType = wrapper.scnassets; path = art.scnassets; sourceTree = "<group>"; };
		EB0D89BD2083C71700C8FB40 /* ViewController.swift */ = {isa = PBXFileReference; lastKnownFileType = sourcecode.swift; path = ViewController.swift; sourceTree = "<group>"; };
		EB0D89C02083C71700C8FB40 /* Base */ = {isa = PBXFileReference; lastKnownFileType = file.storyboard; name = Base; path = Base.lproj/Main.storyboard; sourceTree = "<group>"; };
		EB0D89C22083C71800C8FB40 /* Assets.xcassets */ = {isa = PBXFileReference; lastKnownFileType = folder.assetcatalog; path = Assets.xcassets; sourceTree = "<group>"; };
		EB0D89C52083C71800C8FB40 /* Base */ = {isa = PBXFileReference; lastKnownFileType = file.storyboard; name = Base; path = Base.lproj/LaunchScreen.storyboard; sourceTree = "<group>"; };
		EB0D89C72083C71800C8FB40 /* Info.plist */ = {isa = PBXFileReference; lastKnownFileType = text.plist.xml; path = Info.plist; sourceTree = "<group>"; };
		EB0D89CC2083C71900C8FB40 /* Travel ArchitectureTests.xctest */ = {isa = PBXFileReference; explicitFileType = wrapper.cfbundle; includeInIndex = 0; path = "Travel ArchitectureTests.xctest"; sourceTree = BUILT_PRODUCTS_DIR; };
		EB0D89D02083C71900C8FB40 /* Travel_ArchitectureTests.swift */ = {isa = PBXFileReference; lastKnownFileType = sourcecode.swift; path = Travel_ArchitectureTests.swift; sourceTree = "<group>"; };
		EB0D89D22083C71900C8FB40 /* Info.plist */ = {isa = PBXFileReference; lastKnownFileType = text.plist.xml; path = Info.plist; sourceTree = "<group>"; };
		EB0D89D72083C71900C8FB40 /* Travel ArchitectureUITests.xctest */ = {isa = PBXFileReference; explicitFileType = wrapper.cfbundle; includeInIndex = 0; path = "Travel ArchitectureUITests.xctest"; sourceTree = BUILT_PRODUCTS_DIR; };
		EB0D89DB2083C71900C8FB40 /* Travel_ArchitectureUITests.swift */ = {isa = PBXFileReference; lastKnownFileType = sourcecode.swift; path = Travel_ArchitectureUITests.swift; sourceTree = "<group>"; };
		EB0D89DD2083C71900C8FB40 /* Info.plist */ = {isa = PBXFileReference; lastKnownFileType = text.plist.xml; path = Info.plist; sourceTree = "<group>"; };
/* End PBXFileReference section */

/* Begin PBXFrameworksBuildPhase section */
		EB0D89B32083C71700C8FB40 /* Frameworks */ = {
			isa = PBXFrameworksBuildPhase;
			buildActionMask = 2147483647;
			files = (
			);
			runOnlyForDeploymentPostprocessing = 0;
		};
		EB0D89C92083C71900C8FB40 /* Frameworks */ = {
			isa = PBXFrameworksBuildPhase;
			buildActionMask = 2147483647;
			files = (
			);
			runOnlyForDeploymentPostprocessing = 0;
		};
		EB0D89D42083C71900C8FB40 /* Frameworks */ = {
			isa = PBXFrameworksBuildPhase;
			buildActionMask = 2147483647;
			files = (
			);
			runOnlyForDeploymentPostprocessing = 0;
		};
/* End PBXFrameworksBuildPhase section */

/* Begin PBXGroup section */
		EB0D89AD2083C71700C8FB40 = {
			isa = PBXGroup;
			children = (
				EB0D89B82083C71700C8FB40 /* Travel Architecture */,
				EB0D89CF2083C71900C8FB40 /* Travel ArchitectureTests */,
				EB0D89DA2083C71900C8FB40 /* Travel ArchitectureUITests */,
				EB0D89B72083C71700C8FB40 /* Products */,
			);
			sourceTree = "<group>";
		};
		EB0D89B72083C71700C8FB40 /* Products */ = {
			isa = PBXGroup;
			children = (
				EB0D89B62083C71700C8FB40 /* Travel Architecture.app */,
				EB0D89CC2083C71900C8FB40 /* Travel ArchitectureTests.xctest */,
				EB0D89D72083C71900C8FB40 /* Travel ArchitectureUITests.xctest */,
			);
			name = Products;
			sourceTree = "<group>";
		};
		EB0D89B82083C71700C8FB40 /* Travel Architecture */ = {
			isa = PBXGroup;
			children = (
				EB0D89B92083C71700C8FB40 /* AppDelegate.swift */,
				EB0D89BB2083C71700C8FB40 /* art.scnassets */,
				EB0D89BD2083C71700C8FB40 /* ViewController.swift */,
				EB0D89BF2083C71700C8FB40 /* Main.storyboard */,
				EB0D89C22083C71800C8FB40 /* Assets.xcassets */,
				EB0D89C42083C71800C8FB40 /* LaunchScreen.storyboard */,
				EB0D89C72083C71800C8FB40 /* Info.plist */,
			);
			path = "Travel Architecture";
			sourceTree = "<group>";
		};
		EB0D89CF2083C71900C8FB40 /* Travel ArchitectureTests */ = {
			isa = PBXGroup;
			children = (
				EB0D89D02083C71900C8FB40 /* Travel_ArchitectureTests.swift */,
				EB0D89D22083C71900C8FB40 /* Info.plist */,
			);
			path = "Travel ArchitectureTests";
			sourceTree = "<group>";
		};
		EB0D89DA2083C71900C8FB40 /* Travel ArchitectureUITests */ = {
			isa = PBXGroup;
			children = (
				EB0D89DB2083C71900C8FB40 /* Travel_ArchitectureUITests.swift */,
				EB0D89DD2083C71900C8FB40 /* Info.plist */,
			);
			path = "Travel ArchitectureUITests";
			sourceTree = "<group>";
		};
/* End PBXGroup section */

/* Begin PBXNativeTarget section */
		EB0D89B52083C71700C8FB40 /* Travel Architecture */ = {
			isa = PBXNativeTarget;
			buildConfigurationList = EB0D89E02083C71900C8FB40 /* Build configuration list for PBXNativeTarget "Travel Architecture" */;
			buildPhases = (
				EB0D89B22083C71700C8FB40 /* Sources */,
				EB0D89B32083C71700C8FB40 /* Frameworks */,
				EB0D89B42083C71700C8FB40 /* Resources */,
			);
			buildRules = (
			);
			dependencies = (
			);
			name = "Travel Architecture";
			productName = "Travel Architecture";
			productReference = EB0D89B62083C71700C8FB40 /* Travel Architecture.app */;
			productType = "com.apple.product-type.application";
		};
		EB0D89CB2083C71900C8FB40 /* Travel ArchitectureTests */ = {
			isa = PBXNativeTarget;
			buildConfigurationList = EB0D89E32083C71900C8FB40 /* Build configuration list for PBXNativeTarget "Travel ArchitectureTests" */;
			buildPhases = (
				EB0D89C82083C71900C8FB40 /* Sources */,
				EB0D89C92083C71900C8FB40 /* Frameworks */,
				EB0D89CA2083C71900C8FB40 /* Resources */,
			);
			buildRules = (
			);
			dependencies = (
				EB0D89CE2083C71900C8FB40 /* PBXTargetDependency */,
			);
			name = "Travel ArchitectureTests";
			productName = "Travel ArchitectureTests";
			productReference = EB0D89CC2083C71900C8FB40 /* Travel ArchitectureTests.xctest */;
			productType = "com.apple.product-type.bundle.unit-test";
		};
		EB0D89D62083C71900C8FB40 /* Travel ArchitectureUITests */ = {
			isa = PBXNativeTarget;
			buildConfigurationList = EB0D89E62083C71900C8FB40 /* Build configuration list for PBXNativeTarget "Travel ArchitectureUITests" */;
			buildPhases = (
				EB0D89D32083C71900C8FB40 /* Sources */,
				EB0D89D42083C71900C8FB40 /* Frameworks */,
				EB0D89D52083C71900C8FB40 /* Resources */,
			);
			buildRules = (
			);
			dependencies = (
				EB0D89D92083C71900C8FB40 /* PBXTargetDependency */,
			);
			name = "Travel ArchitectureUITests";
			productName = "Travel ArchitectureUITests";
			productReference = EB0D89D72083C71900C8FB40 /* Travel ArchitectureUITests.xctest */;
			productType = "com.apple.product-type.bundle.ui-testing";
		};
/* End PBXNativeTarget section */

/* Begin PBXProject section */
		EB0D89AE2083C71700C8FB40 /* Project object */ = {
			isa = PBXProject;
			attributes = {
				LastSwiftUpdateCheck = 0930;
				LastUpgradeCheck = 0930;
				ORGANIZATIONNAME = icz;
				TargetAttributes = {
					EB0D89B52083C71700C8FB40 = {
						CreatedOnToolsVersion = 9.3;
					};
					EB0D89CB2083C71900C8FB40 = {
						CreatedOnToolsVersion = 9.3;
						TestTargetID = EB0D89B52083C71700C8FB40;
					};
					EB0D89D62083C71900C8FB40 = {
						CreatedOnToolsVersion = 9.3;
						TestTargetID = EB0D89B52083C71700C8FB40;
					};
				};
			};
			buildConfigurationList = EB0D89B12083C71700C8FB40 /* Build configuration list for PBXProject "Travel Architecture" */;
			compatibilityVersion = "Xcode 9.3";
			developmentRegion = en;
			hasScannedForEncodings = 0;
			knownRegions = (
				en,
				Base,
			);
			mainGroup = EB0D89AD2083C71700C8FB40;
			productRefGroup = EB0D89B72083C71700C8FB40 /* Products */;
			projectDirPath = "";
			projectRoot = "";
			targets = (
				EB0D89B52083C71700C8FB40 /* Travel Architecture */,
				EB0D89CB2083C71900C8FB40 /* Travel ArchitectureTests */,
				EB0D89D62083C71900C8FB40 /* Travel ArchitectureUITests */,
			);
		};
/* End PBXProject section */

/* Begin PBXResourcesBuildPhase section */
		EB0D89B42083C71700C8FB40 /* Resources */ = {
			isa = PBXResourcesBuildPhase;
			buildActionMask = 2147483647;
			files = (
				EB0D89BC2083C71700C8FB40 /* art.scnassets in Resources */,
				EB0D89C62083C71800C8FB40 /* LaunchScreen.storyboard in Resources */,
				EB0D89C32083C71800C8FB40 /* Assets.xcassets in Resources */,
				EB0D89C12083C71700C8FB40 /* Main.storyboard in Resources */,
			);
			runOnlyForDeploymentPostprocessing = 0;
		};
		EB0D89CA2083C71900C8FB40 /* Resources */ = {
			isa = PBXResourcesBuildPhase;
			buildActionMask = 2147483647;
			files = (
			);
			runOnlyForDeploymentPostprocessing = 0;
		};
		EB0D89D52083C71900C8FB40 /* Resources */ = {
			isa = PBXResourcesBuildPhase;
			buildActionMask = 2147483647;
			files = (
			);
			runOnlyForDeploymentPostprocessing = 0;
		};
/* End PBXResourcesBuildPhase section */

/* Begin PBXSourcesBuildPhase section */
		EB0D89B22083C71700C8FB40 /* Sources */ = {
			isa = PBXSourcesBuildPhase;
			buildActionMask = 2147483647;
			files = (
				EB0D89BE2083C71700C8FB40 /* ViewController.swift in Sources */,
				EB0D89BA2083C71700C8FB40 /* AppDelegate.swift in Sources */,
			);
			runOnlyForDeploymentPostprocessing = 0;
		};
		EB0D89C82083C71900C8FB40 /* Sources */ = {
			isa = PBXSourcesBuildPhase;
			buildActionMask = 2147483647;
			files = (
				EB0D89D12083C71900C8FB40 /* Travel_ArchitectureTests.swift in Sources */,
			);
			runOnlyForDeploymentPostprocessing = 0;
		};
		EB0D89D32083C71900C8FB40 /* Sources */ = {
			isa = PBXSourcesBuildPhase;
			buildActionMask = 2147483647;
			files = (
				EB0D89DC2083C71900C8FB40 /* Travel_ArchitectureUITests.swift in Sources */,
			);
			runOnlyForDeploymentPostprocessing = 0;
		};
/* End PBXSourcesBuildPhase section */

/* Begin PBXTargetDependency section */
		EB0D89CE2083C71900C8FB40 /* PBXTargetDependency */ = {
			isa = PBXTargetDependency;
			target = EB0D89B52083C71700C8FB40 /* Travel Architecture */;
			targetProxy = EB0D89CD2083C71900C8FB40 /* PBXContainerItemProxy */;
		};
		EB0D89D92083C71900C8FB40 /* PBXTargetDependency */ = {
			isa = PBXTargetDependency;
			target = EB0D89B52083C71700C8FB40 /* Travel Architecture */;
			targetProxy = EB0D89D82083C71900C8FB40 /* PBXContainerItemProxy */;
		};
/* End PBXTargetDependency section */

/* Begin PBXVariantGroup section */
		EB0D89BF2083C71700C8FB40 /* Main.storyboard */ = {
			isa = PBXVariantGroup;
			children = (
				EB0D89C02083C71700C8FB40 /* Base */,
			);
			name = Main.storyboard;
			sourceTree = "<group>";
		};
		EB0D89C42083C71800C8FB40 /* LaunchScreen.storyboard */ = {
			isa = PBXVariantGroup;
			children = (
				EB0D89C52083C71800C8FB40 /* Base */,
			);
			name = LaunchScreen.storyboard;
			sourceTree = "<group>";
		};
/* End PBXVariantGroup section */

/* Begin XCBuildConfiguration section */
		EB0D89DE2083C71900C8FB40 /* Debug */ = {
			isa = XCBuildConfiguration;
			buildSettings = {
				ALWAYS_SEARCH_USER_PATHS = NO;
				CLANG_ANALYZER_NONNULL = YES;
				CLANG_ANALYZER_NUMBER_OBJECT_CONVERSION = YES_AGGRESSIVE;
				CLANG_CXX_LANGUAGE_STANDARD = "gnu++14";
				CLANG_CXX_LIBRARY = "libc++";
				CLANG_ENABLE_MODULES = YES;
				CLANG_ENABLE_OBJC_ARC = YES;
				CLANG_ENABLE_OBJC_WEAK = YES;
				CLANG_WARN_BLOCK_CAPTURE_AUTORELEASING = YES;
				CLANG_WARN_BOOL_CONVERSION = YES;
				CLANG_WARN_COMMA = YES;
				CLANG_WARN_CONSTANT_CONVERSION = YES;
				CLANG_WARN_DEPRECATED_OBJC_IMPLEMENTATIONS = YES;
				CLANG_WARN_DIRECT_OBJC_ISA_USAGE = YES_ERROR;
				CLANG_WARN_DOCUMENTATION_COMMENTS = YES;
				CLANG_WARN_EMPTY_BODY = YES;
				CLANG_WARN_ENUM_CONVERSION = YES;
				CLANG_WARN_INFINITE_RECURSION = YES;
				CLANG_WARN_INT_CONVERSION = YES;
				CLANG_WARN_NON_LITERAL_NULL_CONVERSION = YES;
				CLANG_WARN_OBJC_IMPLICIT_RETAIN_SELF = YES;
				CLANG_WARN_OBJC_LITERAL_CONVERSION = YES;
				CLANG_WARN_OBJC_ROOT_CLASS = YES_ERROR;
				CLANG_WARN_RANGE_LOOP_ANALYSIS = YES;
				CLANG_WARN_STRICT_PROTOTYPES = YES;
				CLANG_WARN_SUSPICIOUS_MOVE = YES;
				CLANG_WARN_UNGUARDED_AVAILABILITY = YES_AGGRESSIVE;
				CLANG_WARN_UNREACHABLE_CODE = YES;
				CLANG_WARN__DUPLICATE_METHOD_MATCH = YES;
				CODE_SIGN_IDENTITY = "iPhone Developer";
				COPY_PHASE_STRIP = NO;
				DEBUG_INFORMATION_FORMAT = dwarf;
				ENABLE_STRICT_OBJC_MSGSEND = YES;
				ENABLE_TESTABILITY = YES;
				GCC_C_LANGUAGE_STANDARD = gnu11;
				GCC_DYNAMIC_NO_PIC = NO;
				GCC_NO_COMMON_BLOCKS = YES;
				GCC_OPTIMIZATION_LEVEL = 0;
				GCC_PREPROCESSOR_DEFINITIONS = (
					"DEBUG=1",
					"$(inherited)",
				);
				GCC_WARN_64_TO_32_BIT_CONVERSION = YES;
				GCC_WARN_ABOUT_RETURN_TYPE = YES_ERROR;
				GCC_WARN_UNDECLARED_SELECTOR = YES;
				GCC_WARN_UNINITIALIZED_AUTOS = YES_AGGRESSIVE;
				GCC_WARN_UNUSED_FUNCTION = YES;
				GCC_WARN_UNUSED_VARIABLE = YES;
				IPHONEOS_DEPLOYMENT_TARGET = 11.3;
				MTL_ENABLE_DEBUG_INFO = YES;
				ONLY_ACTIVE_ARCH = YES;
				SDKROOT = iphoneos;
				SWIFT_ACTIVE_COMPILATION_CONDITIONS = DEBUG;
				SWIFT_OPTIMIZATION_LEVEL = "-Onone";
			};
			name = Debug;
		};
		EB0D89DF2083C71900C8FB40 /* Release */ = {
			isa = XCBuildConfiguration;
			buildSettings = {
				ALWAYS_SEARCH_USER_PATHS = NO;
				CLANG_ANALYZER_NONNULL = YES;
				CLANG_ANALYZER_NUMBER_OBJECT_CONVERSION = YES_AGGRESSIVE;
				CLANG_CXX_LANGUAGE_STANDARD = "gnu++14";
				CLANG_CXX_LIBRARY = "libc++";
				CLANG_ENABLE_MODULES = YES;
				CLANG_ENABLE_OBJC_ARC = YES;
				CLANG_ENABLE_OBJC_WEAK = YES;
				CLANG_WARN_BLOCK_CAPTURE_AUTORELEASING = YES;
				CLANG_WARN_BOOL_CONVERSION = YES;
				CLANG_WARN_COMMA = YES;
				CLANG_WARN_CONSTANT_CONVERSION = YES;
				CLANG_WARN_DEPRECATED_OBJC_IMPLEMENTATIONS = YES;
				CLANG_WARN_DIRECT_OBJC_ISA_USAGE = YES_ERROR;
				CLANG_WARN_DOCUMENTATION_COMMENTS = YES;
				CLANG_WARN_EMPTY_BODY = YES;
				CLANG_WARN_ENUM_CONVERSION = YES;
				CLANG_WARN_INFINITE_RECURSION = YES;
				CLANG_WARN_INT_CONVERSION = YES;
				CLANG_WARN_NON_LITERAL_NULL_CONVERSION = YES;
				CLANG_WARN_OBJC_IMPLICIT_RETAIN_SELF = YES;
				CLANG_WARN_OBJC_LITERAL_CONVERSION = YES;
				CLANG_WARN_OBJC_ROOT_CLASS = YES_ERROR;
				CLANG_WARN_RANGE_LOOP_ANALYSIS = YES;
				CLANG_WARN_STRICT_PROTOTYPES = YES;
				CLANG_WARN_SUSPICIOUS_MOVE = YES;
				CLANG_WARN_UNGUARDED_AVAILABILITY = YES_AGGRESSIVE;
				CLANG_WARN_UNREACHABLE_CODE = YES;
				CLANG_WARN__DUPLICATE_METHOD_MATCH = YES;
				CODE_SIGN_IDENTITY = "iPhone Developer";
				COPY_PHASE_STRIP = NO;
				DEBUG_INFORMATION_FORMAT = "dwarf-with-dsym";
				ENABLE_NS_ASSERTIONS = NO;
				ENABLE_STRICT_OBJC_MSGSEND = YES;
				GCC_C_LANGUAGE_STANDARD = gnu11;
				GCC_NO_COMMON_BLOCKS = YES;
				GCC_WARN_64_TO_32_BIT_CONVERSION = YES;
				GCC_WARN_ABOUT_RETURN_TYPE = YES_ERROR;
				GCC_WARN_UNDECLARED_SELECTOR = YES;
				GCC_WARN_UNINITIALIZED_AUTOS = YES_AGGRESSIVE;
				GCC_WARN_UNUSED_FUNCTION = YES;
				GCC_WARN_UNUSED_VARIABLE = YES;
				IPHONEOS_DEPLOYMENT_TARGET = 11.3;
				MTL_ENABLE_DEBUG_INFO = NO;
				SDKROOT = iphoneos;
				SWIFT_COMPILATION_MODE = wholemodule;
				SWIFT_OPTIMIZATION_LEVEL = "-O";
				VALIDATE_PRODUCT = YES;
			};
			name = Release;
		};
		EB0D89E12083C71900C8FB40 /* Debug */ = {
			isa = XCBuildConfiguration;
			buildSettings = {
				ASSETCATALOG_COMPILER_APPICON_NAME = AppIcon;
				CODE_SIGN_STYLE = Automatic;
				DEVELOPMENT_TEAM = 5R2V62Z3AU;
				INFOPLIST_FILE = "Travel Architecture/Info.plist";
				LD_RUNPATH_SEARCH_PATHS = (
					"$(inherited)",
					"@executable_path/Frameworks",
				);
				PRODUCT_BUNDLE_IDENTIFIER = "com.travel-architect.Travel-Architecture";
				PRODUCT_NAME = "$(TARGET_NAME)";
				SWIFT_VERSION = 4.0;
				TARGETED_DEVICE_FAMILY = "1,2";
			};
			name = Debug;
		};
		EB0D89E22083C71900C8FB40 /* Release */ = {
			isa = XCBuildConfiguration;
			buildSettings = {
				ASSETCATALOG_COMPILER_APPICON_NAME = AppIcon;
				CODE_SIGN_STYLE = Automatic;
				DEVELOPMENT_TEAM = 5R2V62Z3AU;
				INFOPLIST_FILE = "Travel Architecture/Info.plist";
				LD_RUNPATH_SEARCH_PATHS = (
					"$(inherited)",
					"@executable_path/Frameworks",
				);
				PRODUCT_BUNDLE_IDENTIFIER = "com.travel-architect.Travel-Architecture";
				PRODUCT_NAME = "$(TARGET_NAME)";
				SWIFT_VERSION = 4.0;
				TARGETED_DEVICE_FAMILY = "1,2";
			};
			name = Release;
		};
		EB0D89E42083C71900C8FB40 /* Debug */ = {
			isa = XCBuildConfiguration;
			buildSettings = {
				ALWAYS_EMBED_SWIFT_STANDARD_LIBRARIES = YES;
				BUNDLE_LOADER = "$(TEST_HOST)";
				CODE_SIGN_STYLE = Automatic;
				DEVELOPMENT_TEAM = 5R2V62Z3AU;
				INFOPLIST_FILE = "Travel ArchitectureTests/Info.plist";
				LD_RUNPATH_SEARCH_PATHS = (
					"$(inherited)",
					"@executable_path/Frameworks",
					"@loader_path/Frameworks",
				);
				PRODUCT_BUNDLE_IDENTIFIER = "com.travel-architect.Travel-ArchitectureTests";
				PRODUCT_NAME = "$(TARGET_NAME)";
				SWIFT_VERSION = 4.0;
				TARGETED_DEVICE_FAMILY = "1,2";
				TEST_HOST = "$(BUILT_PRODUCTS_DIR)/Travel Architecture.app/Travel Architecture";
			};
			name = Debug;
		};
		EB0D89E52083C71900C8FB40 /* Release */ = {
			isa = XCBuildConfiguration;
			buildSettings = {
				ALWAYS_EMBED_SWIFT_STANDARD_LIBRARIES = YES;
				BUNDLE_LOADER = "$(TEST_HOST)";
				CODE_SIGN_STYLE = Automatic;
				DEVELOPMENT_TEAM = 5R2V62Z3AU;
				INFOPLIST_FILE = "Travel ArchitectureTests/Info.plist";
				LD_RUNPATH_SEARCH_PATHS = (
					"$(inherited)",
					"@executable_path/Frameworks",
					"@loader_path/Frameworks",
				);
				PRODUCT_BUNDLE_IDENTIFIER = "com.travel-architect.Travel-ArchitectureTests";
				PRODUCT_NAME = "$(TARGET_NAME)";
				SWIFT_VERSION = 4.0;
				TARGETED_DEVICE_FAMILY = "1,2";
				TEST_HOST = "$(BUILT_PRODUCTS_DIR)/Travel Architecture.app/Travel Architecture";
			};
			name = Release;
		};
		EB0D89E72083C71900C8FB40 /* Debug */ = {
			isa = XCBuildConfiguration;
			buildSettings = {
				ALWAYS_EMBED_SWIFT_STANDARD_LIBRARIES = YES;
				CODE_SIGN_STYLE = Automatic;
				DEVELOPMENT_TEAM = 5R2V62Z3AU;
				INFOPLIST_FILE = "Travel ArchitectureUITests/Info.plist";
				LD_RUNPATH_SEARCH_PATHS = (
					"$(inherited)",
					"@executable_path/Frameworks",
					"@loader_path/Frameworks",
				);
				PRODUCT_BUNDLE_IDENTIFIER = "com.travel-architect.Travel-ArchitectureUITests";
				PRODUCT_NAME = "$(TARGET_NAME)";
				SWIFT_VERSION = 4.0;
				TARGETED_DEVICE_FAMILY = "1,2";
				TEST_TARGET_NAME = "Travel Architecture";
			};
			name = Debug;
		};
		EB0D89E82083C71900C8FB40 /* Release */ = {
			isa = XCBuildConfiguration;
			buildSettings = {
				ALWAYS_EMBED_SWIFT_STANDARD_LIBRARIES = YES;
				CODE_SIGN_STYLE = Automatic;
				DEVELOPMENT_TEAM = 5R2V62Z3AU;
				INFOPLIST_FILE = "Travel ArchitectureUITests/Info.plist";
				LD_RUNPATH_SEARCH_PATHS = (
					"$(inherited)",
					"@executable_path/Frameworks",
					"@loader_path/Frameworks",
				);
				PRODUCT_BUNDLE_IDENTIFIER = "com.travel-architect.Travel-ArchitectureUITests";
				PRODUCT_NAME = "$(TARGET_NAME)";
				SWIFT_VERSION = 4.0;
				TARGETED_DEVICE_FAMILY = "1,2";
				TEST_TARGET_NAME = "Travel Architecture";
			};
			name = Release;
		};
/* End XCBuildConfiguration section */

/* Begin XCConfigurationList section */
		EB0D89B12083C71700C8FB40 /* Build configuration list for PBXProject "Travel Architecture" */ = {
			isa = XCConfigurationList;
			buildConfigurations = (
				EB0D89DE2083C71900C8FB40 /* Debug */,
				EB0D89DF2083C71900C8FB40 /* Release */,
			);
			defaultConfigurationIsVisible = 0;
			defaultConfigurationName = Release;
		};
		EB0D89E02083C71900C8FB40 /* Build configuration list for PBXNativeTarget "Travel Architecture" */ = {
			isa = XCConfigurationList;
			buildConfigurations = (
				EB0D89E12083C71900C8FB40 /* Debug */,
				EB0D89E22083C71900C8FB40 /* Release */,
			);
			defaultConfigurationIsVisible = 0;
			defaultConfigurationName = Release;
		};
		EB0D89E32083C71900C8FB40 /* Build configuration list for PBXNativeTarget "Travel ArchitectureTests" */ = {
			isa = XCConfigurationList;
			buildConfigurations = (
				EB0D89E42083C71900C8FB40 /* Debug */,
				EB0D89E52083C71900C8FB40 /* Release */,
			);
			defaultConfigurationIsVisible = 0;
			defaultConfigurationName = Release;
		};
		EB0D89E62083C71900C8FB40 /* Build configuration list for PBXNativeTarget "Travel ArchitectureUITests" */ = {
			isa = XCConfigurationList;
			buildConfigurations = (
				EB0D89E72083C71900C8FB40 /* Debug */,
				EB0D89E82083C71900C8FB40 /* Release */,
			);
			defaultConfigurationIsVisible = 0;
			defaultConfigurationName = Release;
		};
/* End XCConfigurationList section */
	};
	rootObject = EB0D89AE2083C71700C8FB40 /* Project object */;
}
